
Microsoft Visual Studio Solution File, Format Version 12.00
# Visual Studio 15
VisualStudioVersion = 15.0.26124.0
MinimumVisualStudioVersion = 15.0.26124.0
Project("{9A19103F-16F7-4668-BE54-9A1E7A4F7556}") = "bot-framework-extensions", "bot-framework-extensions\bot-framework-extensions.csproj", "{53207B5F-47D2-4175-AD49-EA4BA03D8292}"
EndProject
Project("{FAE04EC0-301F-11D3-BF4B-00C04F79EFBC}") = "bot-framework-extensions-mock", "bot-framework-extensions-mock\bot-framework-extensions-mock.csproj", "{ABD1E329-8C82-47DE-8AEF-0C861B9E75C7}"
EndProject
Global
	GlobalSection(SolutionConfigurationPlatforms) = preSolution
		Debug|Any CPU = Debug|Any CPU
		Debug|x64 = Debug|x64
		Debug|x86 = Debug|x86
		Release|Any CPU = Release|Any CPU
		Release|x64 = Release|x64
		Release|x86 = Release|x86
	EndGlobalSection
	GlobalSection(ProjectConfigurationPlatforms) = postSolution
		{53207B5F-47D2-4175-AD49-EA4BA03D8292}.Debug|Any CPU.ActiveCfg = Debug|Any CPU
		{53207B5F-47D2-4175-AD49-EA4BA03D8292}.Debug|Any CPU.Build.0 = Debug|Any CPU
		{53207B5F-47D2-4175-AD49-EA4BA03D8292}.Debug|x64.ActiveCfg = Debug|Any CPU
		{53207B5F-47D2-4175-AD49-EA4BA03D8292}.Debug|x64.Build.0 = Debug|Any CPU
		{53207B5F-47D2-4175-AD49-EA4BA03D8292}.Debug|x86.ActiveCfg = Debug|Any CPU
		{53207B5F-47D2-4175-AD49-EA4BA03D8292}.Debug|x86.Build.0 = Debug|Any CPU
		{53207B5F-47D2-4175-AD49-EA4BA03D8292}.Release|Any CPU.ActiveCfg = Release|Any CPU
		{53207B5F-47D2-4175-AD49-EA4BA03D8292}.Release|Any CPU.Build.0 = Release|Any CPU
		{53207B5F-47D2-4175-AD49-EA4BA03D8292}.Release|x64.ActiveCfg = Release|Any CPU
		{53207B5F-47D2-4175-AD49-EA4BA03D8292}.Release|x64.Build.0 = Release|Any CPU
		{53207B5F-47D2-4175-AD49-EA4BA03D8292}.Release|x86.ActiveCfg = Release|Any CPU
		{53207B5F-47D2-4175-AD49-EA4BA03D8292}.Release|x86.Build.0 = Release|Any CPU
		{ABD1E329-8C82-47DE-8AEF-0C861B9E75C7}.Debug|Any CPU.ActiveCfg = Debug|Any CPU
		{ABD1E329-8C82-47DE-8AEF-0C861B9E75C7}.Debug|Any CPU.Build.0 = Debug|Any CPU
		{ABD1E329-8C82-47DE-8AEF-0C861B9E75C7}.Debug|x64.ActiveCfg = Debug|Any CPU
		{ABD1E329-8C82-47DE-8AEF-0C861B9E75C7}.Debug|x64.Build.0 = Debug|Any CPU
		{ABD1E329-8C82-47DE-8AEF-0C861B9E75C7}.Debug|x86.ActiveCfg = Debug|Any CPU
		{ABD1E329-8C82-47DE-8AEF-0C861B9E75C7}.Debug|x86.Build.0 = Debug|Any CPU
		{ABD1E329-8C82-47DE-8AEF-0C861B9E75C7}.Release|Any CPU.ActiveCfg = Release|Any CPU
		{ABD1E329-8C82-47DE-8AEF-0C861B9E75C7}.Release|Any CPU.Build.0 = Release|Any CPU
		{ABD1E329-8C82-47DE-8AEF-0C861B9E75C7}.Release|x64.ActiveCfg = Release|Any CPU
		{ABD1E329-8C82-47DE-8AEF-0C861B9E75C7}.Release|x64.Build.0 = Release|Any CPU
		{ABD1E329-8C82-47DE-8AEF-0C861B9E75C7}.Release|x86.ActiveCfg = Release|Any CPU
		{ABD1E329-8C82-47DE-8AEF-0C861B9E75C7}.Release|x86.Build.0 = Release|Any CPU
	EndGlobalSection
	GlobalSection(SolutionProperties) = preSolution
		HideSolutionNode = FALSE
	EndGlobalSection
	GlobalSection(ExtensibilityGlobals) = postSolution
		SolutionGuid = {AF843380-C1F0-44F4-BA8A-88EFA22E6494}
	EndGlobalSection
EndGlobal
